#!/usr/bin/env python3
"""
🏛️ TRADING AI SUPERPOWER
Reformed Fund Architect - Algorithmic Trading System
"""

import asyncio
import logging
import time
from datetime import datetime

# Your existing import statements and code continue here...version = 1
requires-python = ">=3.11"

[[package]]
name = "python-template"
version = "0.1.0"
source = { virtual = "." }
